
Microsoft Visual Studio Solution File, Format Version 12.00
# Visual Studio Version 16
VisualStudioVersion = 16.0.30320.27
MinimumVisualStudioVersion = 10.0.40219.1
Project("{FAE04EC0-301F-11D3-BF4B-00C04F79EFBC}") = "WebSite", "WebSite.csproj", "{A56535AE-F758-49CE-B502-805812E9AE54}"
EndProject
Global
	GlobalSection(SolutionConfigurationPlatforms) = preSolution
		Debug|Any CPU = Debug|Any CPU
		Release|Any CPU = Release|Any CPU
	EndGlobalSection
	GlobalSection(ProjectConfigurationPlatforms) = postSolution
		{A56535AE-F758-49CE-B502-805812E9AE54}.Debug|Any CPU.ActiveCfg = Debug|Any CPU
		{A56535AE-F758-49CE-B502-805812E9AE54}.Debug|Any CPU.Build.0 = Debug|Any CPU
		{A56535AE-F758-49CE-B502-805812E9AE54}.Release|Any CPU.ActiveCfg = Release|Any CPU
		{A56535AE-F758-49CE-B502-805812E9AE54}.Release|Any CPU.Build.0 = Release|Any CPU
	EndGlobalSection
	GlobalSection(SolutionProperties) = preSolution
		HideSolutionNode = FALSE
	EndGlobalSection
	GlobalSection(ExtensibilityGlobals) = postSolution
		SolutionGuid = {C423D93E-5C8E-487D-8174-8F269CEF0DBE}
	EndGlobalSection
EndGlobal
